
Microsoft Visual Studio Solution File, Format Version 12.00
# Visual Studio Version 17
VisualStudioVersion = 17.13.35919.96
MinimumVisualStudioVersion = 10.0.40219.1
Project("{9A19103F-16F7-4668-BE54-9A1E7A4F7556}") = "Bredinin.AlloyEditor.Core.Swagger", "Bredinin.AlloyEditor.Core.Swagger\Bredinin.AlloyEditor.Core.Swagger.csproj", "{3F5D5B9D-C4CB-4D65-B9AD-A7730E6D62E3}"
EndProject
Project("{2150E333-8FDC-42A3-9474-1A3956D46DE8}") = "Core", "Core", "{02425232-BB73-42C4-9D5D-30D4F64E795C}"
EndProject
Project("{2150E333-8FDC-42A3-9474-1A3956D46DE8}") = "Domain", "Domain", "{C419319E-F2E3-409D-B0ED-438217FC71F5}"
EndProject
Project("{2150E333-8FDC-42A3-9474-1A3956D46DE8}") = "DataAccess", "DataAccess", "{6A2D4017-9718-478E-B526-626643E0FBF4}"
EndProject
Project("{9A19103F-16F7-4668-BE54-9A1E7A4F7556}") = "Bredinin.AlloyEditor.Domain", "Bredinin.AlloyEditor.Domain\Bredinin.AlloyEditor.Domain.csproj", "{FA169E6B-E0B8-4888-94C4-29C6E666FE8C}"
EndProject
Project("{9A19103F-16F7-4668-BE54-9A1E7A4F7556}") = "Bredinin.AlloyEditor.DAL.Context", "Bredinin.AlloyEditor.DAL.Context\Bredinin.AlloyEditor.DAL.Context.csproj", "{8F661B97-2CC3-4771-A757-4C0123E05B18}"
EndProject
Project("{9A19103F-16F7-4668-BE54-9A1E7A4F7556}") = "Bredinin.AlloyEditor.DAL.Migration", "Bredinin.AlloyEditor.DAL.Migration\Bredinin.AlloyEditor.DAL.Migration.csproj", "{2D934F72-6E8A-4ECC-9BE1-23352B7F92A4}"
EndProject
Project("{2150E333-8FDC-42A3-9474-1A3956D46DE8}") = "Handlers", "Handlers", "{B6BDA5EF-7C08-43B3-A43D-48F9E07B4725}"
EndProject
Project("{FAE04EC0-301F-11D3-BF4B-00C04F79EFBC}") = "Bredinin.AlloyEditor.Handlers", "Bredinin.AlloyEditor.Handlers\Bredinin.AlloyEditor.Handlers.csproj", "{E915E027-CD3A-42FB-A347-354443FC079A}"
EndProject
Project("{2150E333-8FDC-42A3-9474-1A3956D46DE8}") = "Services", "Services", "{36D591C7-65C7-A0D1-1CBC-10CDE441BDC8}"
EndProject
Project("{2150E333-8FDC-42A3-9474-1A3956D46DE8}") = "WebAPI", "WebAPI", "{C71B13DF-A656-4965-A84F-FD08C8A763A0}"
EndProject
Project("{2150E333-8FDC-42A3-9474-1A3956D46DE8}") = "Contracts", "Contracts", "{FBD94AC7-767B-41A9-AD62-E4DAE14D8AAA}"
EndProject
Project("{FAE04EC0-301F-11D3-BF4B-00C04F79EFBC}") = "Bredinin.AlloyEditor.DAL.Core", "Bredinin.AlloyEditor.DAL.Core\Bredinin.AlloyEditor.DAL.Core.csproj", "{E9657657-7A3D-408E-AD66-444FE53D713C}"
EndProject
Project("{FAE04EC0-301F-11D3-BF4B-00C04F79EFBC}") = "Bredinin.AlloyEditor.Contracts", "Bredinin.AlloyEditor.Contracts\Bredinin.AlloyEditor.Contracts.csproj", "{C6C700B9-49EE-4FD6-AD26-1D6FDB6D0E26}"
EndProject
Project("{FAE04EC0-301F-11D3-BF4B-00C04F79EFBC}") = "Bredinin.AlloyEditor.Core.Http", "Bredinin.AlloyEditor.Core.Http\Bredinin.AlloyEditor.Core.Http.csproj", "{31D238B0-CF69-44D7-ACA8-17A5008F59C1}"
EndProject
Project("{FAE04EC0-301F-11D3-BF4B-00C04F79EFBC}") = "Bredinin.AlloyEditor.WebApi", "Bredinin.AlloyEditor.WebAPI\Bredinin.AlloyEditor.WebApi.csproj", "{711C1505-F849-F6C8-FC65-E826035BBFAF}"
EndProject
Project("{FAE04EC0-301F-11D3-BF4B-00C04F79EFBC}") = "Bredinin.AlloyEditor.Core.Metrics", "Bredinin.AlloyEditor.Core.Metrics\Bredinin.AlloyEditor.Core.Metrics.csproj", "{7900A3F5-C97E-4269-A550-939EC3EFE40D}"
EndProject
Project("{2150E333-8FDC-42A3-9474-1A3956D46DE8}") = "Desktop", "Desktop", "{0C0A2E62-39F8-4113-9BB9-4F9C3209811B}"
EndProject
Project("{FAE04EC0-301F-11D3-BF4B-00C04F79EFBC}") = "Bredinin.AlloyEditor.Desktop.App", "Bredinin.AlloyEditor.Desktop.App\Bredinin.AlloyEditor.Desktop.App.csproj", "{5AD2A45B-4F90-47C6-8F5E-AF4820ED1E66}"
EndProject
Project("{2150E333-8FDC-42A3-9474-1A3956D46DE8}") = "Common", "Common", "{732BD0D0-42D0-4769-94F1-2CFF594B0918}"
EndProject
Project("{2150E333-8FDC-42A3-9474-1A3956D46DE8}") = "Views", "Views", "{D673DF29-381A-4108-9067-95895DB8174F}"
EndProject
Project("{2150E333-8FDC-42A3-9474-1A3956D46DE8}") = "ViewModels", "ViewModels", "{EB95D029-102A-4AE9-AEA1-04F87E46D65B}"
EndProject
Project("{FAE04EC0-301F-11D3-BF4B-00C04F79EFBC}") = "Bredinin.AlloyEditor.ViewModel.Common", "Bredinin.AlloyEditor.ViewModel.Common\Bredinin.AlloyEditor.ViewModel.Common.csproj", "{AFE01F93-B545-4DB1-A095-8BB39419D54A}"
EndProject
Project("{FAE04EC0-301F-11D3-BF4B-00C04F79EFBC}") = "Bredinin.AlloyEditor.Desktop.Common", "Bredinin.AlloyEditor.Desktop.Common\Bredinin.AlloyEditor.Desktop.Common.csproj", "{12D30599-2D76-4C27-B85A-CCC4F59D4B47}"
EndProject
Project("{FAE04EC0-301F-11D3-BF4B-00C04F79EFBC}") = "Bredinin.AlloyEditor.Core.Validation", "Bredinin.AlloyEditor.Core.Validation\Bredinin.AlloyEditor.Core.Validation.csproj", "{42875A17-7D19-4EE3-989A-C812ECC49EE9}"
EndProject
Project("{2150E333-8FDC-42A3-9474-1A3956D46DE8}") = "ApiGateway", "ApiGateway", "{E86DEC5F-1242-47B4-95B5-7761640CABF5}"
EndProject
Project("{FAE04EC0-301F-11D3-BF4B-00C04F79EFBC}") = "Bredinin.AlloyEditor.Gateway", "Bredinin.AlloyEditor.Gateway\Bredinin.AlloyEditor.Gateway.csproj", "{7C00C8F6-A8B8-4547-8C25-623B8FC935A5}"
EndProject
Project("{2150E333-8FDC-42A3-9474-1A3956D46DE8}") = "Identity", "Identity", "{7F72BA15-01C4-4927-8ABE-00EA2DB518DC}"
EndProject
Project("{FAE04EC0-301F-11D3-BF4B-00C04F79EFBC}") = "Bredinin.AlloyEditor.Identity.Service", "Bredinin.AlloyEditor.Identity.Service\Bredinin.AlloyEditor.Identity.Service.csproj", "{3046E3C8-B097-40EC-8778-158A60ED57EA}"
EndProject
Project("{2150E333-8FDC-42A3-9474-1A3956D46DE8}") = "Domain", "Domain", "{B56770FA-62C0-4B09-8B59-ADCB5C031902}"
EndProject
Project("{2150E333-8FDC-42A3-9474-1A3956D46DE8}") = "Core", "Core", "{D90C29F7-AE09-4DAE-A71A-9ECA5B0BF20A}"
EndProject
Project("{FAE04EC0-301F-11D3-BF4B-00C04F79EFBC}") = "Bredinin.AlloyEditor.Identity.Service.Core.Authentication", "Bredinin.AlloyEditor.Identity.Service.Core.Authentication\Bredinin.AlloyEditor.Identity.Service.Core.Authentication.csproj", "{D68B8BED-8C0A-4FD8-89FC-9B12EA3E56E7}"
EndProject
Project("{FAE04EC0-301F-11D3-BF4B-00C04F79EFBC}") = "Bredinin.AlloyEditor.Identity.Service.Domain", "Bredinin.AlloyEditor.Identity.Service.Domain\Bredinin.AlloyEditor.Identity.Service.Domain.csproj", "{54A6BA2B-AFED-468B-B5D2-122CEAC7F45A}"
EndProject
Project("{2150E333-8FDC-42A3-9474-1A3956D46DE8}") = "Contracts", "Contracts", "{73EC8F30-DA1B-4ED2-9904-000EF6E1CDA2}"
EndProject
Project("{FAE04EC0-301F-11D3-BF4B-00C04F79EFBC}") = "Bredinin.AlloyEditor.Identity.Service.DAL.Context", "Bredinin.AlloyEditor.Identity.Service.DAL.Context\Bredinin.AlloyEditor.Identity.Service.DAL.Context.csproj", "{6B479585-ADF2-4A66-B397-A25758A7D61C}"
EndProject
Project("{2150E333-8FDC-42A3-9474-1A3956D46DE8}") = "DataAccess", "DataAccess", "{61FD3A08-7BD8-45BF-B3B6-7ECC75C4E8D7}"
EndProject
Project("{FAE04EC0-301F-11D3-BF4B-00C04F79EFBC}") = "Bredinin.AlloyEditor.Identity.Service.Migration", "Bredinin.AlloyEditor.Identity.Service.Migration\Bredinin.AlloyEditor.Identity.Service.Migration.csproj", "{B49CC403-326E-4420-AB9F-68962FE0B0C2}"
EndProject
Project("{2150E333-8FDC-42A3-9474-1A3956D46DE8}") = "Handlers", "Handlers", "{9901955B-DFB3-40BA-ADAB-DF2E1653DB35}"
EndProject
Project("{FAE04EC0-301F-11D3-BF4B-00C04F79EFBC}") = "Bredinin.AlloyEditor.Identity.Service.Handlers", "Bredinin.AlloyEditor.Identity.Service.Handlers\Bredinin.AlloyEditor.Identity.Service.Handlers.csproj", "{CFEE4A1F-C2B1-417C-B958-B1F6AA8EB27E}"
EndProject
Project("{FAE04EC0-301F-11D3-BF4B-00C04F79EFBC}") = "Bredinin.AlloyEditor.Identity.Service.Contracts", "Bredinin.AlloyEditor.Identity.Service.Contracts\Bredinin.AlloyEditor.Identity.Service.Contracts.csproj", "{0EF457EF-ACA0-4D8E-AE9C-E17DDAF15E17}"
EndProject
Project("{FAE04EC0-301F-11D3-BF4B-00C04F79EFBC}") = "Bredinin.AlloyEditor.Identity.Service.Core.Http", "Bredinin.AlloyEditor.Identity.Service.Core.Http\Bredinin.AlloyEditor.Identity.Service.Core.Http.csproj", "{F3A04B61-5052-4DE2-B8B8-DDF018894308}"
EndProject
Project("{FAE04EC0-301F-11D3-BF4B-00C04F79EFBC}") = "Bredinin.AlloyEditor.Identity.Service.Core.Swagger", "Bredinin.AlloyEditor.Identity.Service.Core.Swagger\Bredinin.AlloyEditor.Identity.Service.Core.Swagger.csproj", "{C4571FA4-B9FC-4D9D-9BCF-89F3AA816689}"
EndProject
Project("{2150E333-8FDC-42A3-9474-1A3956D46DE8}") = "Core", "Core", "{1BAA3B54-2D97-4EB3-9D1F-DA34982B29D9}"
EndProject
Project("{2150E333-8FDC-42A3-9474-1A3956D46DE8}") = "Infrastructure", "Infrastructure", "{D39B028C-C34A-4FB0-86FC-15AE96399566}"
EndProject
Project("{FAE04EC0-301F-11D3-BF4B-00C04F79EFBC}") = "Bredinin.AlloyEditor.Gateway.Infrastructure", "Bredinin.AlloyEditor.Gateway.Infrastructure\Bredinin.AlloyEditor.Gateway.Infrastructure.csproj", "{375F403F-B490-4810-AC34-7BBBF8B9DB7C}"
EndProject
Global
	GlobalSection(SolutionConfigurationPlatforms) = preSolution
		Debug|Any CPU = Debug|Any CPU
		Release|Any CPU = Release|Any CPU
	EndGlobalSection
	GlobalSection(ProjectConfigurationPlatforms) = postSolution
		{3F5D5B9D-C4CB-4D65-B9AD-A7730E6D62E3}.Debug|Any CPU.ActiveCfg = Debug|Any CPU
		{3F5D5B9D-C4CB-4D65-B9AD-A7730E6D62E3}.Debug|Any CPU.Build.0 = Debug|Any CPU
		{3F5D5B9D-C4CB-4D65-B9AD-A7730E6D62E3}.Release|Any CPU.ActiveCfg = Release|Any CPU
		{3F5D5B9D-C4CB-4D65-B9AD-A7730E6D62E3}.Release|Any CPU.Build.0 = Release|Any CPU
		{FA169E6B-E0B8-4888-94C4-29C6E666FE8C}.Debug|Any CPU.ActiveCfg = Debug|Any CPU
		{FA169E6B-E0B8-4888-94C4-29C6E666FE8C}.Debug|Any CPU.Build.0 = Debug|Any CPU
		{FA169E6B-E0B8-4888-94C4-29C6E666FE8C}.Release|Any CPU.ActiveCfg = Release|Any CPU
		{FA169E6B-E0B8-4888-94C4-29C6E666FE8C}.Release|Any CPU.Build.0 = Release|Any CPU
		{8F661B97-2CC3-4771-A757-4C0123E05B18}.Debug|Any CPU.ActiveCfg = Debug|Any CPU
		{8F661B97-2CC3-4771-A757-4C0123E05B18}.Debug|Any CPU.Build.0 = Debug|Any CPU
		{8F661B97-2CC3-4771-A757-4C0123E05B18}.Release|Any CPU.ActiveCfg = Release|Any CPU
		{8F661B97-2CC3-4771-A757-4C0123E05B18}.Release|Any CPU.Build.0 = Release|Any CPU
		{2D934F72-6E8A-4ECC-9BE1-23352B7F92A4}.Debug|Any CPU.ActiveCfg = Debug|Any CPU
		{2D934F72-6E8A-4ECC-9BE1-23352B7F92A4}.Debug|Any CPU.Build.0 = Debug|Any CPU
		{2D934F72-6E8A-4ECC-9BE1-23352B7F92A4}.Release|Any CPU.ActiveCfg = Release|Any CPU
		{2D934F72-6E8A-4ECC-9BE1-23352B7F92A4}.Release|Any CPU.Build.0 = Release|Any CPU
		{E915E027-CD3A-42FB-A347-354443FC079A}.Debug|Any CPU.ActiveCfg = Debug|Any CPU
		{E915E027-CD3A-42FB-A347-354443FC079A}.Debug|Any CPU.Build.0 = Debug|Any CPU
		{E915E027-CD3A-42FB-A347-354443FC079A}.Release|Any CPU.ActiveCfg = Release|Any CPU
		{E915E027-CD3A-42FB-A347-354443FC079A}.Release|Any CPU.Build.0 = Release|Any CPU
		{E9657657-7A3D-408E-AD66-444FE53D713C}.Debug|Any CPU.ActiveCfg = Debug|Any CPU
		{E9657657-7A3D-408E-AD66-444FE53D713C}.Debug|Any CPU.Build.0 = Debug|Any CPU
		{E9657657-7A3D-408E-AD66-444FE53D713C}.Release|Any CPU.ActiveCfg = Release|Any CPU
		{E9657657-7A3D-408E-AD66-444FE53D713C}.Release|Any CPU.Build.0 = Release|Any CPU
		{C6C700B9-49EE-4FD6-AD26-1D6FDB6D0E26}.Debug|Any CPU.ActiveCfg = Debug|Any CPU
		{C6C700B9-49EE-4FD6-AD26-1D6FDB6D0E26}.Debug|Any CPU.Build.0 = Debug|Any CPU
		{C6C700B9-49EE-4FD6-AD26-1D6FDB6D0E26}.Release|Any CPU.ActiveCfg = Release|Any CPU
		{C6C700B9-49EE-4FD6-AD26-1D6FDB6D0E26}.Release|Any CPU.Build.0 = Release|Any CPU
		{31D238B0-CF69-44D7-ACA8-17A5008F59C1}.Debug|Any CPU.ActiveCfg = Debug|Any CPU
		{31D238B0-CF69-44D7-ACA8-17A5008F59C1}.Debug|Any CPU.Build.0 = Debug|Any CPU
		{31D238B0-CF69-44D7-ACA8-17A5008F59C1}.Release|Any CPU.ActiveCfg = Release|Any CPU
		{31D238B0-CF69-44D7-ACA8-17A5008F59C1}.Release|Any CPU.Build.0 = Release|Any CPU
		{711C1505-F849-F6C8-FC65-E826035BBFAF}.Debug|Any CPU.ActiveCfg = Debug|Any CPU
		{711C1505-F849-F6C8-FC65-E826035BBFAF}.Debug|Any CPU.Build.0 = Debug|Any CPU
		{711C1505-F849-F6C8-FC65-E826035BBFAF}.Release|Any CPU.ActiveCfg = Release|Any CPU
		{711C1505-F849-F6C8-FC65-E826035BBFAF}.Release|Any CPU.Build.0 = Release|Any CPU
		{7900A3F5-C97E-4269-A550-939EC3EFE40D}.Debug|Any CPU.ActiveCfg = Debug|Any CPU
		{7900A3F5-C97E-4269-A550-939EC3EFE40D}.Debug|Any CPU.Build.0 = Debug|Any CPU
		{7900A3F5-C97E-4269-A550-939EC3EFE40D}.Release|Any CPU.ActiveCfg = Release|Any CPU
		{7900A3F5-C97E-4269-A550-939EC3EFE40D}.Release|Any CPU.Build.0 = Release|Any CPU
		{5AD2A45B-4F90-47C6-8F5E-AF4820ED1E66}.Debug|Any CPU.ActiveCfg = Debug|Any CPU
		{5AD2A45B-4F90-47C6-8F5E-AF4820ED1E66}.Debug|Any CPU.Build.0 = Debug|Any CPU
		{5AD2A45B-4F90-47C6-8F5E-AF4820ED1E66}.Release|Any CPU.ActiveCfg = Release|Any CPU
		{5AD2A45B-4F90-47C6-8F5E-AF4820ED1E66}.Release|Any CPU.Build.0 = Release|Any CPU
		{AFE01F93-B545-4DB1-A095-8BB39419D54A}.Debug|Any CPU.ActiveCfg = Debug|Any CPU
		{AFE01F93-B545-4DB1-A095-8BB39419D54A}.Debug|Any CPU.Build.0 = Debug|Any CPU
		{AFE01F93-B545-4DB1-A095-8BB39419D54A}.Release|Any CPU.ActiveCfg = Release|Any CPU
		{AFE01F93-B545-4DB1-A095-8BB39419D54A}.Release|Any CPU.Build.0 = Release|Any CPU
		{12D30599-2D76-4C27-B85A-CCC4F59D4B47}.Debug|Any CPU.ActiveCfg = Debug|Any CPU
		{12D30599-2D76-4C27-B85A-CCC4F59D4B47}.Debug|Any CPU.Build.0 = Debug|Any CPU
		{12D30599-2D76-4C27-B85A-CCC4F59D4B47}.Release|Any CPU.ActiveCfg = Release|Any CPU
		{12D30599-2D76-4C27-B85A-CCC4F59D4B47}.Release|Any CPU.Build.0 = Release|Any CPU
		{42875A17-7D19-4EE3-989A-C812ECC49EE9}.Debug|Any CPU.ActiveCfg = Debug|Any CPU
		{42875A17-7D19-4EE3-989A-C812ECC49EE9}.Debug|Any CPU.Build.0 = Debug|Any CPU
		{42875A17-7D19-4EE3-989A-C812ECC49EE9}.Release|Any CPU.ActiveCfg = Release|Any CPU
		{42875A17-7D19-4EE3-989A-C812ECC49EE9}.Release|Any CPU.Build.0 = Release|Any CPU
		{7C00C8F6-A8B8-4547-8C25-623B8FC935A5}.Debug|Any CPU.ActiveCfg = Debug|Any CPU
		{7C00C8F6-A8B8-4547-8C25-623B8FC935A5}.Debug|Any CPU.Build.0 = Debug|Any CPU
		{7C00C8F6-A8B8-4547-8C25-623B8FC935A5}.Release|Any CPU.ActiveCfg = Release|Any CPU
		{7C00C8F6-A8B8-4547-8C25-623B8FC935A5}.Release|Any CPU.Build.0 = Release|Any CPU
		{3046E3C8-B097-40EC-8778-158A60ED57EA}.Debug|Any CPU.ActiveCfg = Debug|Any CPU
		{3046E3C8-B097-40EC-8778-158A60ED57EA}.Debug|Any CPU.Build.0 = Debug|Any CPU
		{3046E3C8-B097-40EC-8778-158A60ED57EA}.Release|Any CPU.ActiveCfg = Release|Any CPU
		{3046E3C8-B097-40EC-8778-158A60ED57EA}.Release|Any CPU.Build.0 = Release|Any CPU
		{D68B8BED-8C0A-4FD8-89FC-9B12EA3E56E7}.Debug|Any CPU.ActiveCfg = Debug|Any CPU
		{D68B8BED-8C0A-4FD8-89FC-9B12EA3E56E7}.Debug|Any CPU.Build.0 = Debug|Any CPU
		{D68B8BED-8C0A-4FD8-89FC-9B12EA3E56E7}.Release|Any CPU.ActiveCfg = Release|Any CPU
		{D68B8BED-8C0A-4FD8-89FC-9B12EA3E56E7}.Release|Any CPU.Build.0 = Release|Any CPU
		{54A6BA2B-AFED-468B-B5D2-122CEAC7F45A}.Debug|Any CPU.ActiveCfg = Debug|Any CPU
		{54A6BA2B-AFED-468B-B5D2-122CEAC7F45A}.Debug|Any CPU.Build.0 = Debug|Any CPU
		{54A6BA2B-AFED-468B-B5D2-122CEAC7F45A}.Release|Any CPU.ActiveCfg = Release|Any CPU
		{54A6BA2B-AFED-468B-B5D2-122CEAC7F45A}.Release|Any CPU.Build.0 = Release|Any CPU
		{6B479585-ADF2-4A66-B397-A25758A7D61C}.Debug|Any CPU.ActiveCfg = Debug|Any CPU
		{6B479585-ADF2-4A66-B397-A25758A7D61C}.Debug|Any CPU.Build.0 = Debug|Any CPU
		{6B479585-ADF2-4A66-B397-A25758A7D61C}.Release|Any CPU.ActiveCfg = Release|Any CPU
		{6B479585-ADF2-4A66-B397-A25758A7D61C}.Release|Any CPU.Build.0 = Release|Any CPU
		{B49CC403-326E-4420-AB9F-68962FE0B0C2}.Debug|Any CPU.ActiveCfg = Debug|Any CPU
		{B49CC403-326E-4420-AB9F-68962FE0B0C2}.Debug|Any CPU.Build.0 = Debug|Any CPU
		{B49CC403-326E-4420-AB9F-68962FE0B0C2}.Release|Any CPU.ActiveCfg = Release|Any CPU
		{B49CC403-326E-4420-AB9F-68962FE0B0C2}.Release|Any CPU.Build.0 = Release|Any CPU
		{CFEE4A1F-C2B1-417C-B958-B1F6AA8EB27E}.Debug|Any CPU.ActiveCfg = Debug|Any CPU
		{CFEE4A1F-C2B1-417C-B958-B1F6AA8EB27E}.Debug|Any CPU.Build.0 = Debug|Any CPU
		{CFEE4A1F-C2B1-417C-B958-B1F6AA8EB27E}.Release|Any CPU.ActiveCfg = Release|Any CPU
		{CFEE4A1F-C2B1-417C-B958-B1F6AA8EB27E}.Release|Any CPU.Build.0 = Release|Any CPU
		{0EF457EF-ACA0-4D8E-AE9C-E17DDAF15E17}.Debug|Any CPU.ActiveCfg = Debug|Any CPU
		{0EF457EF-ACA0-4D8E-AE9C-E17DDAF15E17}.Debug|Any CPU.Build.0 = Debug|Any CPU
		{0EF457EF-ACA0-4D8E-AE9C-E17DDAF15E17}.Release|Any CPU.ActiveCfg = Release|Any CPU
		{0EF457EF-ACA0-4D8E-AE9C-E17DDAF15E17}.Release|Any CPU.Build.0 = Release|Any CPU
		{F3A04B61-5052-4DE2-B8B8-DDF018894308}.Debug|Any CPU.ActiveCfg = Debug|Any CPU
		{F3A04B61-5052-4DE2-B8B8-DDF018894308}.Debug|Any CPU.Build.0 = Debug|Any CPU
		{F3A04B61-5052-4DE2-B8B8-DDF018894308}.Release|Any CPU.ActiveCfg = Release|Any CPU
		{F3A04B61-5052-4DE2-B8B8-DDF018894308}.Release|Any CPU.Build.0 = Release|Any CPU
		{C4571FA4-B9FC-4D9D-9BCF-89F3AA816689}.Debug|Any CPU.ActiveCfg = Debug|Any CPU
		{C4571FA4-B9FC-4D9D-9BCF-89F3AA816689}.Debug|Any CPU.Build.0 = Debug|Any CPU
		{C4571FA4-B9FC-4D9D-9BCF-89F3AA816689}.Release|Any CPU.ActiveCfg = Release|Any CPU
		{C4571FA4-B9FC-4D9D-9BCF-89F3AA816689}.Release|Any CPU.Build.0 = Release|Any CPU
		{375F403F-B490-4810-AC34-7BBBF8B9DB7C}.Debug|Any CPU.ActiveCfg = Debug|Any CPU
		{375F403F-B490-4810-AC34-7BBBF8B9DB7C}.Debug|Any CPU.Build.0 = Debug|Any CPU
		{375F403F-B490-4810-AC34-7BBBF8B9DB7C}.Release|Any CPU.ActiveCfg = Release|Any CPU
		{375F403F-B490-4810-AC34-7BBBF8B9DB7C}.Release|Any CPU.Build.0 = Release|Any CPU
	EndGlobalSection
	GlobalSection(SolutionProperties) = preSolution
		HideSolutionNode = FALSE
	EndGlobalSection
	GlobalSection(NestedProjects) = preSolution
		{3F5D5B9D-C4CB-4D65-B9AD-A7730E6D62E3} = {02425232-BB73-42C4-9D5D-30D4F64E795C}
		{02425232-BB73-42C4-9D5D-30D4F64E795C} = {C71B13DF-A656-4965-A84F-FD08C8A763A0}
		{C419319E-F2E3-409D-B0ED-438217FC71F5} = {C71B13DF-A656-4965-A84F-FD08C8A763A0}
		{6A2D4017-9718-478E-B526-626643E0FBF4} = {C71B13DF-A656-4965-A84F-FD08C8A763A0}
		{FA169E6B-E0B8-4888-94C4-29C6E666FE8C} = {C419319E-F2E3-409D-B0ED-438217FC71F5}
		{8F661B97-2CC3-4771-A757-4C0123E05B18} = {6A2D4017-9718-478E-B526-626643E0FBF4}
		{2D934F72-6E8A-4ECC-9BE1-23352B7F92A4} = {6A2D4017-9718-478E-B526-626643E0FBF4}
		{B6BDA5EF-7C08-43B3-A43D-48F9E07B4725} = {C71B13DF-A656-4965-A84F-FD08C8A763A0}
		{E915E027-CD3A-42FB-A347-354443FC079A} = {B6BDA5EF-7C08-43B3-A43D-48F9E07B4725}
		{C71B13DF-A656-4965-A84F-FD08C8A763A0} = {36D591C7-65C7-A0D1-1CBC-10CDE441BDC8}
		{FBD94AC7-767B-41A9-AD62-E4DAE14D8AAA} = {C71B13DF-A656-4965-A84F-FD08C8A763A0}
		{E9657657-7A3D-408E-AD66-444FE53D713C} = {6A2D4017-9718-478E-B526-626643E0FBF4}
		{C6C700B9-49EE-4FD6-AD26-1D6FDB6D0E26} = {FBD94AC7-767B-41A9-AD62-E4DAE14D8AAA}
		{31D238B0-CF69-44D7-ACA8-17A5008F59C1} = {02425232-BB73-42C4-9D5D-30D4F64E795C}
		{711C1505-F849-F6C8-FC65-E826035BBFAF} = {C71B13DF-A656-4965-A84F-FD08C8A763A0}
		{7900A3F5-C97E-4269-A550-939EC3EFE40D} = {02425232-BB73-42C4-9D5D-30D4F64E795C}
		{5AD2A45B-4F90-47C6-8F5E-AF4820ED1E66} = {0C0A2E62-39F8-4113-9BB9-4F9C3209811B}
		{732BD0D0-42D0-4769-94F1-2CFF594B0918} = {0C0A2E62-39F8-4113-9BB9-4F9C3209811B}
		{D673DF29-381A-4108-9067-95895DB8174F} = {0C0A2E62-39F8-4113-9BB9-4F9C3209811B}
		{EB95D029-102A-4AE9-AEA1-04F87E46D65B} = {0C0A2E62-39F8-4113-9BB9-4F9C3209811B}
		{AFE01F93-B545-4DB1-A095-8BB39419D54A} = {EB95D029-102A-4AE9-AEA1-04F87E46D65B}
		{12D30599-2D76-4C27-B85A-CCC4F59D4B47} = {732BD0D0-42D0-4769-94F1-2CFF594B0918}
		{42875A17-7D19-4EE3-989A-C812ECC49EE9} = {02425232-BB73-42C4-9D5D-30D4F64E795C}
		{E86DEC5F-1242-47B4-95B5-7761640CABF5} = {36D591C7-65C7-A0D1-1CBC-10CDE441BDC8}
		{7C00C8F6-A8B8-4547-8C25-623B8FC935A5} = {E86DEC5F-1242-47B4-95B5-7761640CABF5}
		{7F72BA15-01C4-4927-8ABE-00EA2DB518DC} = {36D591C7-65C7-A0D1-1CBC-10CDE441BDC8}
		{3046E3C8-B097-40EC-8778-158A60ED57EA} = {7F72BA15-01C4-4927-8ABE-00EA2DB518DC}
		{B56770FA-62C0-4B09-8B59-ADCB5C031902} = {7F72BA15-01C4-4927-8ABE-00EA2DB518DC}
		{D90C29F7-AE09-4DAE-A71A-9ECA5B0BF20A} = {7F72BA15-01C4-4927-8ABE-00EA2DB518DC}
		{D68B8BED-8C0A-4FD8-89FC-9B12EA3E56E7} = {D90C29F7-AE09-4DAE-A71A-9ECA5B0BF20A}
		{54A6BA2B-AFED-468B-B5D2-122CEAC7F45A} = {B56770FA-62C0-4B09-8B59-ADCB5C031902}
		{73EC8F30-DA1B-4ED2-9904-000EF6E1CDA2} = {7F72BA15-01C4-4927-8ABE-00EA2DB518DC}
		{6B479585-ADF2-4A66-B397-A25758A7D61C} = {61FD3A08-7BD8-45BF-B3B6-7ECC75C4E8D7}
		{61FD3A08-7BD8-45BF-B3B6-7ECC75C4E8D7} = {7F72BA15-01C4-4927-8ABE-00EA2DB518DC}
		{B49CC403-326E-4420-AB9F-68962FE0B0C2} = {61FD3A08-7BD8-45BF-B3B6-7ECC75C4E8D7}
		{9901955B-DFB3-40BA-ADAB-DF2E1653DB35} = {7F72BA15-01C4-4927-8ABE-00EA2DB518DC}
		{CFEE4A1F-C2B1-417C-B958-B1F6AA8EB27E} = {9901955B-DFB3-40BA-ADAB-DF2E1653DB35}
		{0EF457EF-ACA0-4D8E-AE9C-E17DDAF15E17} = {73EC8F30-DA1B-4ED2-9904-000EF6E1CDA2}
		{F3A04B61-5052-4DE2-B8B8-DDF018894308} = {D90C29F7-AE09-4DAE-A71A-9ECA5B0BF20A}
		{C4571FA4-B9FC-4D9D-9BCF-89F3AA816689} = {D90C29F7-AE09-4DAE-A71A-9ECA5B0BF20A}
		{1BAA3B54-2D97-4EB3-9D1F-DA34982B29D9} = {E86DEC5F-1242-47B4-95B5-7761640CABF5}
		{D39B028C-C34A-4FB0-86FC-15AE96399566} = {E86DEC5F-1242-47B4-95B5-7761640CABF5}
		{375F403F-B490-4810-AC34-7BBBF8B9DB7C} = {D39B028C-C34A-4FB0-86FC-15AE96399566}
	EndGlobalSection
	GlobalSection(ExtensibilityGlobals) = postSolution
		SolutionGuid = {C26E2A09-E1AD-476E-B186-078798D09813}
	EndGlobalSection
EndGlobal
