
Microsoft Visual Studio Solution File, Format Version 12.00
Project("{FAE04EC0-301F-11D3-BF4B-00C04F79EFBC}") = "Bredinin.MyPetProject.WebAPI", "Bredinin.MyPetProject.WebAPI\Bredinin.MyPetProject.WebAPI.csproj", "{4097DBEF-6ABF-495F-85F5-03E6712CDC6D}"
EndProject
Project("{FAE04EC0-301F-11D3-BF4B-00C04F79EFBC}") = "Bredinin.MyPetProject.Core.Swagger", "Bredinin.MyPetProject.Core.Swagger\Bredinin.MyPetProject.Core.Swagger.csproj", "{3F5D5B9D-C4CB-4D65-B9AD-A7730E6D62E3}"
EndProject
Project("{2150E333-8FDC-42A3-9474-1A3956D46DE8}") = "Core", "Core", "{02425232-BB73-42C4-9D5D-30D4F64E795C}"
EndProject
Project("{2150E333-8FDC-42A3-9474-1A3956D46DE8}") = "Domain", "Domain", "{C419319E-F2E3-409D-B0ED-438217FC71F5}"
EndProject
Project("{2150E333-8FDC-42A3-9474-1A3956D46DE8}") = "DataAccess", "DataAccess", "{6A2D4017-9718-478E-B526-626643E0FBF4}"
EndProject
Project("{FAE04EC0-301F-11D3-BF4B-00C04F79EFBC}") = "Bredinin.MyPetProject.Domain", "Bredinin.MyPetProject.Domain\Bredinin.MyPetProject.Domain.csproj", "{FA169E6B-E0B8-4888-94C4-29C6E666FE8C}"
EndProject
Project("{FAE04EC0-301F-11D3-BF4B-00C04F79EFBC}") = "Bredinin.MyPetProject.DAL.Context", "Bredinin.MyPetProject.DAL.Context\Bredinin.MyPetProject.DAL.Context.csproj", "{8F661B97-2CC3-4771-A757-4C0123E05B18}"
EndProject
Project("{FAE04EC0-301F-11D3-BF4B-00C04F79EFBC}") = "Bredinin.MyPetProject.DAL.Migration", "Bredinin.MyPetProject.DAL.Migration\Bredinin.MyPetProject.DAL.Migration.csproj", "{2D934F72-6E8A-4ECC-9BE1-23352B7F92A4}"
EndProject
Global
	GlobalSection(SolutionConfigurationPlatforms) = preSolution
		Debug|Any CPU = Debug|Any CPU
		Release|Any CPU = Release|Any CPU
	EndGlobalSection
	GlobalSection(ProjectConfigurationPlatforms) = postSolution
		{4097DBEF-6ABF-495F-85F5-03E6712CDC6D}.Debug|Any CPU.ActiveCfg = Debug|Any CPU
		{4097DBEF-6ABF-495F-85F5-03E6712CDC6D}.Debug|Any CPU.Build.0 = Debug|Any CPU
		{4097DBEF-6ABF-495F-85F5-03E6712CDC6D}.Release|Any CPU.ActiveCfg = Release|Any CPU
		{4097DBEF-6ABF-495F-85F5-03E6712CDC6D}.Release|Any CPU.Build.0 = Release|Any CPU
		{3F5D5B9D-C4CB-4D65-B9AD-A7730E6D62E3}.Debug|Any CPU.ActiveCfg = Debug|Any CPU
		{3F5D5B9D-C4CB-4D65-B9AD-A7730E6D62E3}.Debug|Any CPU.Build.0 = Debug|Any CPU
		{3F5D5B9D-C4CB-4D65-B9AD-A7730E6D62E3}.Release|Any CPU.ActiveCfg = Release|Any CPU
		{3F5D5B9D-C4CB-4D65-B9AD-A7730E6D62E3}.Release|Any CPU.Build.0 = Release|Any CPU
		{FA169E6B-E0B8-4888-94C4-29C6E666FE8C}.Debug|Any CPU.ActiveCfg = Debug|Any CPU
		{FA169E6B-E0B8-4888-94C4-29C6E666FE8C}.Debug|Any CPU.Build.0 = Debug|Any CPU
		{FA169E6B-E0B8-4888-94C4-29C6E666FE8C}.Release|Any CPU.ActiveCfg = Release|Any CPU
		{FA169E6B-E0B8-4888-94C4-29C6E666FE8C}.Release|Any CPU.Build.0 = Release|Any CPU
		{8F661B97-2CC3-4771-A757-4C0123E05B18}.Debug|Any CPU.ActiveCfg = Debug|Any CPU
		{8F661B97-2CC3-4771-A757-4C0123E05B18}.Debug|Any CPU.Build.0 = Debug|Any CPU
		{8F661B97-2CC3-4771-A757-4C0123E05B18}.Release|Any CPU.ActiveCfg = Release|Any CPU
		{8F661B97-2CC3-4771-A757-4C0123E05B18}.Release|Any CPU.Build.0 = Release|Any CPU
		{2D934F72-6E8A-4ECC-9BE1-23352B7F92A4}.Debug|Any CPU.ActiveCfg = Debug|Any CPU
		{2D934F72-6E8A-4ECC-9BE1-23352B7F92A4}.Debug|Any CPU.Build.0 = Debug|Any CPU
		{2D934F72-6E8A-4ECC-9BE1-23352B7F92A4}.Release|Any CPU.ActiveCfg = Release|Any CPU
		{2D934F72-6E8A-4ECC-9BE1-23352B7F92A4}.Release|Any CPU.Build.0 = Release|Any CPU
	EndGlobalSection
	GlobalSection(NestedProjects) = preSolution
		{3F5D5B9D-C4CB-4D65-B9AD-A7730E6D62E3} = {02425232-BB73-42C4-9D5D-30D4F64E795C}
		{FA169E6B-E0B8-4888-94C4-29C6E666FE8C} = {C419319E-F2E3-409D-B0ED-438217FC71F5}
		{8F661B97-2CC3-4771-A757-4C0123E05B18} = {6A2D4017-9718-478E-B526-626643E0FBF4}
		{2D934F72-6E8A-4ECC-9BE1-23352B7F92A4} = {6A2D4017-9718-478E-B526-626643E0FBF4}
	EndGlobalSection
EndGlobal
