
Microsoft Visual Studio Solution File, Format Version 12.00
# Visual Studio Version 17
VisualStudioVersion = 17.13.35919.96
MinimumVisualStudioVersion = 10.0.40219.1
Project("{9A19103F-16F7-4668-BE54-9A1E7A4F7556}") = "Bredinin.AlloyEditor.Core.Swagger", "Bredinin.AlloyEditor.Core.Swagger\Bredinin.AlloyEditor.Core.Swagger.csproj", "{3F5D5B9D-C4CB-4D65-B9AD-A7730E6D62E3}"
EndProject
Project("{2150E333-8FDC-42A3-9474-1A3956D46DE8}") = "Core", "Core", "{02425232-BB73-42C4-9D5D-30D4F64E795C}"
EndProject
Project("{2150E333-8FDC-42A3-9474-1A3956D46DE8}") = "Domain", "Domain", "{C419319E-F2E3-409D-B0ED-438217FC71F5}"
EndProject
Project("{2150E333-8FDC-42A3-9474-1A3956D46DE8}") = "DataAccess", "DataAccess", "{6A2D4017-9718-478E-B526-626643E0FBF4}"
EndProject
Project("{9A19103F-16F7-4668-BE54-9A1E7A4F7556}") = "Bredinin.AlloyEditor.Domain", "Bredinin.AlloyEditor.Domain\Bredinin.AlloyEditor.Domain.csproj", "{FA169E6B-E0B8-4888-94C4-29C6E666FE8C}"
EndProject
Project("{9A19103F-16F7-4668-BE54-9A1E7A4F7556}") = "Bredinin.AlloyEditor.DAL.Context", "Bredinin.AlloyEditor.DAL.Context\Bredinin.AlloyEditor.DAL.Context.csproj", "{8F661B97-2CC3-4771-A757-4C0123E05B18}"
EndProject
Project("{9A19103F-16F7-4668-BE54-9A1E7A4F7556}") = "Bredinin.AlloyEditor.DAL.Migration", "Bredinin.AlloyEditor.DAL.Migration\Bredinin.AlloyEditor.DAL.Migration.csproj", "{2D934F72-6E8A-4ECC-9BE1-23352B7F92A4}"
EndProject
Project("{9A19103F-16F7-4668-BE54-9A1E7A4F7556}") = "Bredinin.AlloyEditor.Core.Authentication", "Bredinin.AlloyEditor.Core.Authentication\Bredinin.AlloyEditor.Core.Authentication.csproj", "{4D5F770D-8035-4463-A654-F63A2FFD77BF}"
EndProject
Project("{2150E333-8FDC-42A3-9474-1A3956D46DE8}") = "Handlers", "Handlers", "{B6BDA5EF-7C08-43B3-A43D-48F9E07B4725}"
EndProject
Project("{FAE04EC0-301F-11D3-BF4B-00C04F79EFBC}") = "Bredinin.AlloyEditor.Handlers", "Bredinin.AlloyEditor.Handlers\Bredinin.AlloyEditor.Handlers.csproj", "{E915E027-CD3A-42FB-A347-354443FC079A}"
EndProject
Project("{2150E333-8FDC-42A3-9474-1A3956D46DE8}") = "Services", "Services", "{36D591C7-65C7-A0D1-1CBC-10CDE441BDC8}"
EndProject
Project("{2150E333-8FDC-42A3-9474-1A3956D46DE8}") = "WebAPI", "WebAPI", "{C71B13DF-A656-4965-A84F-FD08C8A763A0}"
EndProject
Project("{2150E333-8FDC-42A3-9474-1A3956D46DE8}") = "Contracts", "Contracts", "{FBD94AC7-767B-41A9-AD62-E4DAE14D8AAA}"
EndProject
Project("{FAE04EC0-301F-11D3-BF4B-00C04F79EFBC}") = "Bredinin.AlloyEditor.DAL.Core", "Bredinin.AlloyEditor.DAL.Core\Bredinin.AlloyEditor.DAL.Core.csproj", "{E9657657-7A3D-408E-AD66-444FE53D713C}"
EndProject
Project("{FAE04EC0-301F-11D3-BF4B-00C04F79EFBC}") = "Bredinin.AlloyEditor.Contracts", "Bredinin.AlloyEditor.Contracts\Bredinin.AlloyEditor.Contracts.csproj", "{C6C700B9-49EE-4FD6-AD26-1D6FDB6D0E26}"
EndProject
Project("{FAE04EC0-301F-11D3-BF4B-00C04F79EFBC}") = "Bredinin.AlloyEditor.Core.Http", "Bredinin.AlloyEditor.Core.Http\Bredinin.AlloyEditor.Core.Http.csproj", "{31D238B0-CF69-44D7-ACA8-17A5008F59C1}"
EndProject
Project("{FAE04EC0-301F-11D3-BF4B-00C04F79EFBC}") = "Bredinin.AlloyEditor.WebApi", "Bredinin.AlloyEditor.WebAPI\Bredinin.AlloyEditor.WebApi.csproj", "{711C1505-F849-F6C8-FC65-E826035BBFAF}"
EndProject
Global
	GlobalSection(SolutionConfigurationPlatforms) = preSolution
		Debug|Any CPU = Debug|Any CPU
		Release|Any CPU = Release|Any CPU
	EndGlobalSection
	GlobalSection(ProjectConfigurationPlatforms) = postSolution
		{3F5D5B9D-C4CB-4D65-B9AD-A7730E6D62E3}.Debug|Any CPU.ActiveCfg = Debug|Any CPU
		{3F5D5B9D-C4CB-4D65-B9AD-A7730E6D62E3}.Debug|Any CPU.Build.0 = Debug|Any CPU
		{3F5D5B9D-C4CB-4D65-B9AD-A7730E6D62E3}.Release|Any CPU.ActiveCfg = Release|Any CPU
		{3F5D5B9D-C4CB-4D65-B9AD-A7730E6D62E3}.Release|Any CPU.Build.0 = Release|Any CPU
		{FA169E6B-E0B8-4888-94C4-29C6E666FE8C}.Debug|Any CPU.ActiveCfg = Debug|Any CPU
		{FA169E6B-E0B8-4888-94C4-29C6E666FE8C}.Debug|Any CPU.Build.0 = Debug|Any CPU
		{FA169E6B-E0B8-4888-94C4-29C6E666FE8C}.Release|Any CPU.ActiveCfg = Release|Any CPU
		{FA169E6B-E0B8-4888-94C4-29C6E666FE8C}.Release|Any CPU.Build.0 = Release|Any CPU
		{8F661B97-2CC3-4771-A757-4C0123E05B18}.Debug|Any CPU.ActiveCfg = Debug|Any CPU
		{8F661B97-2CC3-4771-A757-4C0123E05B18}.Debug|Any CPU.Build.0 = Debug|Any CPU
		{8F661B97-2CC3-4771-A757-4C0123E05B18}.Release|Any CPU.ActiveCfg = Release|Any CPU
		{8F661B97-2CC3-4771-A757-4C0123E05B18}.Release|Any CPU.Build.0 = Release|Any CPU
		{2D934F72-6E8A-4ECC-9BE1-23352B7F92A4}.Debug|Any CPU.ActiveCfg = Debug|Any CPU
		{2D934F72-6E8A-4ECC-9BE1-23352B7F92A4}.Debug|Any CPU.Build.0 = Debug|Any CPU
		{2D934F72-6E8A-4ECC-9BE1-23352B7F92A4}.Release|Any CPU.ActiveCfg = Release|Any CPU
		{2D934F72-6E8A-4ECC-9BE1-23352B7F92A4}.Release|Any CPU.Build.0 = Release|Any CPU
		{4D5F770D-8035-4463-A654-F63A2FFD77BF}.Debug|Any CPU.ActiveCfg = Debug|Any CPU
		{4D5F770D-8035-4463-A654-F63A2FFD77BF}.Debug|Any CPU.Build.0 = Debug|Any CPU
		{4D5F770D-8035-4463-A654-F63A2FFD77BF}.Release|Any CPU.ActiveCfg = Release|Any CPU
		{4D5F770D-8035-4463-A654-F63A2FFD77BF}.Release|Any CPU.Build.0 = Release|Any CPU
		{E915E027-CD3A-42FB-A347-354443FC079A}.Debug|Any CPU.ActiveCfg = Debug|Any CPU
		{E915E027-CD3A-42FB-A347-354443FC079A}.Debug|Any CPU.Build.0 = Debug|Any CPU
		{E915E027-CD3A-42FB-A347-354443FC079A}.Release|Any CPU.ActiveCfg = Release|Any CPU
		{E915E027-CD3A-42FB-A347-354443FC079A}.Release|Any CPU.Build.0 = Release|Any CPU
		{E9657657-7A3D-408E-AD66-444FE53D713C}.Debug|Any CPU.ActiveCfg = Debug|Any CPU
		{E9657657-7A3D-408E-AD66-444FE53D713C}.Debug|Any CPU.Build.0 = Debug|Any CPU
		{E9657657-7A3D-408E-AD66-444FE53D713C}.Release|Any CPU.ActiveCfg = Release|Any CPU
		{E9657657-7A3D-408E-AD66-444FE53D713C}.Release|Any CPU.Build.0 = Release|Any CPU
		{C6C700B9-49EE-4FD6-AD26-1D6FDB6D0E26}.Debug|Any CPU.ActiveCfg = Debug|Any CPU
		{C6C700B9-49EE-4FD6-AD26-1D6FDB6D0E26}.Debug|Any CPU.Build.0 = Debug|Any CPU
		{C6C700B9-49EE-4FD6-AD26-1D6FDB6D0E26}.Release|Any CPU.ActiveCfg = Release|Any CPU
		{C6C700B9-49EE-4FD6-AD26-1D6FDB6D0E26}.Release|Any CPU.Build.0 = Release|Any CPU
		{31D238B0-CF69-44D7-ACA8-17A5008F59C1}.Debug|Any CPU.ActiveCfg = Debug|Any CPU
		{31D238B0-CF69-44D7-ACA8-17A5008F59C1}.Debug|Any CPU.Build.0 = Debug|Any CPU
		{31D238B0-CF69-44D7-ACA8-17A5008F59C1}.Release|Any CPU.ActiveCfg = Release|Any CPU
		{31D238B0-CF69-44D7-ACA8-17A5008F59C1}.Release|Any CPU.Build.0 = Release|Any CPU
		{711C1505-F849-F6C8-FC65-E826035BBFAF}.Debug|Any CPU.ActiveCfg = Debug|Any CPU
		{711C1505-F849-F6C8-FC65-E826035BBFAF}.Debug|Any CPU.Build.0 = Debug|Any CPU
		{711C1505-F849-F6C8-FC65-E826035BBFAF}.Release|Any CPU.ActiveCfg = Release|Any CPU
		{711C1505-F849-F6C8-FC65-E826035BBFAF}.Release|Any CPU.Build.0 = Release|Any CPU
	EndGlobalSection
	GlobalSection(SolutionProperties) = preSolution
		HideSolutionNode = FALSE
	EndGlobalSection
	GlobalSection(NestedProjects) = preSolution
		{3F5D5B9D-C4CB-4D65-B9AD-A7730E6D62E3} = {02425232-BB73-42C4-9D5D-30D4F64E795C}
		{02425232-BB73-42C4-9D5D-30D4F64E795C} = {C71B13DF-A656-4965-A84F-FD08C8A763A0}
		{C419319E-F2E3-409D-B0ED-438217FC71F5} = {C71B13DF-A656-4965-A84F-FD08C8A763A0}
		{6A2D4017-9718-478E-B526-626643E0FBF4} = {C71B13DF-A656-4965-A84F-FD08C8A763A0}
		{FA169E6B-E0B8-4888-94C4-29C6E666FE8C} = {C419319E-F2E3-409D-B0ED-438217FC71F5}
		{8F661B97-2CC3-4771-A757-4C0123E05B18} = {6A2D4017-9718-478E-B526-626643E0FBF4}
		{2D934F72-6E8A-4ECC-9BE1-23352B7F92A4} = {6A2D4017-9718-478E-B526-626643E0FBF4}
		{4D5F770D-8035-4463-A654-F63A2FFD77BF} = {02425232-BB73-42C4-9D5D-30D4F64E795C}
		{B6BDA5EF-7C08-43B3-A43D-48F9E07B4725} = {C71B13DF-A656-4965-A84F-FD08C8A763A0}
		{E915E027-CD3A-42FB-A347-354443FC079A} = {B6BDA5EF-7C08-43B3-A43D-48F9E07B4725}
		{C71B13DF-A656-4965-A84F-FD08C8A763A0} = {36D591C7-65C7-A0D1-1CBC-10CDE441BDC8}
		{FBD94AC7-767B-41A9-AD62-E4DAE14D8AAA} = {C71B13DF-A656-4965-A84F-FD08C8A763A0}
		{E9657657-7A3D-408E-AD66-444FE53D713C} = {6A2D4017-9718-478E-B526-626643E0FBF4}
		{C6C700B9-49EE-4FD6-AD26-1D6FDB6D0E26} = {FBD94AC7-767B-41A9-AD62-E4DAE14D8AAA}
		{31D238B0-CF69-44D7-ACA8-17A5008F59C1} = {02425232-BB73-42C4-9D5D-30D4F64E795C}
		{711C1505-F849-F6C8-FC65-E826035BBFAF} = {C71B13DF-A656-4965-A84F-FD08C8A763A0}
	EndGlobalSection
	GlobalSection(ExtensibilityGlobals) = postSolution
		SolutionGuid = {C26E2A09-E1AD-476E-B186-078798D09813}
	EndGlobalSection
EndGlobal
